
Microsoft Visual Studio Solution File, Format Version 12.00
# Visual Studio Version 17
VisualStudioVersion = 17.1.32210.238
MinimumVisualStudioVersion = 10.0.40219.1
Project("{9A19103F-16F7-4668-BE54-9A1E7A4F7556}") = "auth", "auth\auth.csproj", "{2BE597BE-3D4B-4044-9B8F-F04642C9B82F}"
EndProject
Project("{FAE04EC0-301F-11D3-BF4B-00C04F79EFBC}") = "cities", "cities\cities.csproj", "{CB3CFF87-BBF4-4437-B11E-B8E134379315}"
EndProject
Project("{FAE04EC0-301F-11D3-BF4B-00C04F79EFBC}") = "hr", "hr\hr.csproj", "{232F9FB0-D4AC-42E3-A0F6-8634B8DC27EA}"
EndProject
Global
	GlobalSection(SolutionConfigurationPlatforms) = preSolution
		Debug|Any CPU = Debug|Any CPU
		Release|Any CPU = Release|Any CPU
	EndGlobalSection
	GlobalSection(ProjectConfigurationPlatforms) = postSolution
		{2BE597BE-3D4B-4044-9B8F-F04642C9B82F}.Debug|Any CPU.ActiveCfg = Debug|Any CPU
		{2BE597BE-3D4B-4044-9B8F-F04642C9B82F}.Debug|Any CPU.Build.0 = Debug|Any CPU
		{2BE597BE-3D4B-4044-9B8F-F04642C9B82F}.Release|Any CPU.ActiveCfg = Release|Any CPU
		{2BE597BE-3D4B-4044-9B8F-F04642C9B82F}.Release|Any CPU.Build.0 = Release|Any CPU
		{CB3CFF87-BBF4-4437-B11E-B8E134379315}.Debug|Any CPU.ActiveCfg = Debug|Any CPU
		{CB3CFF87-BBF4-4437-B11E-B8E134379315}.Debug|Any CPU.Build.0 = Debug|Any CPU
		{CB3CFF87-BBF4-4437-B11E-B8E134379315}.Release|Any CPU.ActiveCfg = Release|Any CPU
		{CB3CFF87-BBF4-4437-B11E-B8E134379315}.Release|Any CPU.Build.0 = Release|Any CPU
		{232F9FB0-D4AC-42E3-A0F6-8634B8DC27EA}.Debug|Any CPU.ActiveCfg = Debug|Any CPU
		{232F9FB0-D4AC-42E3-A0F6-8634B8DC27EA}.Debug|Any CPU.Build.0 = Debug|Any CPU
		{232F9FB0-D4AC-42E3-A0F6-8634B8DC27EA}.Release|Any CPU.ActiveCfg = Release|Any CPU
		{232F9FB0-D4AC-42E3-A0F6-8634B8DC27EA}.Release|Any CPU.Build.0 = Release|Any CPU
	EndGlobalSection
	GlobalSection(SolutionProperties) = preSolution
		HideSolutionNode = FALSE
	EndGlobalSection
	GlobalSection(ExtensibilityGlobals) = postSolution
		SolutionGuid = {344AB0DA-FDC2-48E4-915E-F581DDF5364B}
	EndGlobalSection
EndGlobal
